
Microsoft Visual Studio Solution File, Format Version 12.00
# Visual Studio Version 17
VisualStudioVersion = 17.14.36518.9 d17.14
MinimumVisualStudioVersion = 10.0.40219.1
Project("{8BC9CEB8-8B4A-11D0-8D11-00A0C91BC942}") = "MM2", "MM2\MM2.vcxproj", "{F35E2DF1-57BE-4C53-AFB7-67749A474DFD}"
EndProject
Global
	GlobalSection(SolutionConfigurationPlatforms) = preSolution
		Debug|x64 = Debug|x64
		Release|x64 = Release|x64
	EndGlobalSection
	GlobalSection(ProjectConfigurationPlatforms) = postSolution
		{F35E2DF1-57BE-4C53-AFB7-67749A474DFD}.Debug|x64.ActiveCfg = Debug|x64
		{F35E2DF1-57BE-4C53-AFB7-67749A474DFD}.Debug|x64.Build.0 = Debug|x64
		{F35E2DF1-57BE-4C53-AFB7-67749A474DFD}.Release|x64.ActiveCfg = Release|x64
		{F35E2DF1-57BE-4C53-AFB7-67749A474DFD}.Release|x64.Build.0 = Release|x64
	EndGlobalSection
	GlobalSection(SolutionProperties) = preSolution
		HideSolutionNode = FALSE
	EndGlobalSection
	GlobalSection(ExtensibilityGlobals) = postSolution
		SolutionGuid = {56A4880D-E8EE-4A82-961F-054280C54C45}
	EndGlobalSection
EndGlobal
